// !$*UTF8*$!
{
	archiveVersion = 1;
	classes = {
	};
	objectVersion = 55;
	objects = {

/* Begin PBXBuildFile section */
		9C8EDB3728C303CD0009E725 /* AppDelegate.swift in Sources */ = {isa = PBXBuildFile; fileRef = 9C8EDB3628C303CD0009E725 /* AppDelegate.swift */; };
		9C8EDB3928C303CD0009E725 /* SceneDelegate.swift in Sources */ = {isa = PBXBuildFile; fileRef = 9C8EDB3828C303CD0009E725 /* SceneDelegate.swift */; };
		9C8EDB3B28C303CD0009E725 /* AlbumsViewController.swift in Sources */ = {isa = PBXBuildFile; fileRef = 9C8EDB3A28C303CD0009E725 /* AlbumsViewController.swift */; };
		9C8EDB4028C303CE0009E725 /* Assets.xcassets in Resources */ = {isa = PBXBuildFile; fileRef = 9C8EDB3F28C303CE0009E725 /* Assets.xcassets */; };
		9C8EDB4328C303CE0009E725 /* LaunchScreen.storyboard in Resources */ = {isa = PBXBuildFile; fileRef = 9C8EDB4128C303CE0009E725 /* LaunchScreen.storyboard */; };
		9C8EDB5328C305BA0009E725 /* SnapKit in Frameworks */ = {isa = PBXBuildFile; productRef = 9C8EDB5228C305BA0009E725 /* SnapKit */; };
		9C8EDB5528C306A20009E725 /* TabBarViewController.swift in Sources */ = {isa = PBXBuildFile; fileRef = 9C8EDB5428C306A20009E725 /* TabBarViewController.swift */; };
		9C8EDB5728C306D70009E725 /* MediaViewController.swift in Sources */ = {isa = PBXBuildFile; fileRef = 9C8EDB5628C306D70009E725 /* MediaViewController.swift */; };
		9C8EDB5928C306F10009E725 /* ForYouViewController.swift in Sources */ = {isa = PBXBuildFile; fileRef = 9C8EDB5828C306F10009E725 /* ForYouViewController.swift */; };
		9C8EDB5B28C3072B0009E725 /* SearchViewController.swift in Sources */ = {isa = PBXBuildFile; fileRef = 9C8EDB5A28C3072B0009E725 /* SearchViewController.swift */; };
		9C8EDB5E28C30A1F0009E725 /* AlbumsDescription.swift in Sources */ = {isa = PBXBuildFile; fileRef = 9C8EDB5D28C30A1F0009E725 /* AlbumsDescription.swift */; };
		9C8EDB6028C30A3F0009E725 /* HeadersDescription.swift in Sources */ = {isa = PBXBuildFile; fileRef = 9C8EDB5F28C30A3F0009E725 /* HeadersDescription.swift */; };
		9C8EDB6228C30B1C0009E725 /* FirstSectionCell.swift in Sources */ = {isa = PBXBuildFile; fileRef = 9C8EDB6128C30B1C0009E725 /* FirstSectionCell.swift */; };
		9C8EDB6428C310A00009E725 /* SecondSectionCell.swift in Sources */ = {isa = PBXBuildFile; fileRef = 9C8EDB6328C310A00009E725 /* SecondSectionCell.swift */; };
/* End PBXBuildFile section */

/* Begin PBXFileReference section */
		9C8EDB3328C303CD0009E725 /* photoLibrary.app */ = {isa = PBXFileReference; explicitFileType = wrapper.application; includeInIndex = 0; path = photoLibrary.app; sourceTree = BUILT_PRODUCTS_DIR; };
		9C8EDB3628C303CD0009E725 /* AppDelegate.swift */ = {isa = PBXFileReference; lastKnownFileType = sourcecode.swift; path = AppDelegate.swift; sourceTree = "<group>"; };
		9C8EDB3828C303CD0009E725 /* SceneDelegate.swift */ = {isa = PBXFileReference; lastKnownFileType = sourcecode.swift; path = SceneDelegate.swift; sourceTree = "<group>"; };
		9C8EDB3A28C303CD0009E725 /* AlbumsViewController.swift */ = {isa = PBXFileReference; lastKnownFileType = sourcecode.swift; path = AlbumsViewController.swift; sourceTree = "<group>"; };
		9C8EDB3F28C303CE0009E725 /* Assets.xcassets */ = {isa = PBXFileReference; lastKnownFileType = folder.assetcatalog; path = Assets.xcassets; sourceTree = "<group>"; };
		9C8EDB4228C303CE0009E725 /* Base */ = {isa = PBXFileReference; lastKnownFileType = file.storyboard; name = Base; path = Base.lproj/LaunchScreen.storyboard; sourceTree = "<group>"; };
		9C8EDB4428C303CE0009E725 /* Info.plist */ = {isa = PBXFileReference; lastKnownFileType = text.plist.xml; path = Info.plist; sourceTree = "<group>"; };
		9C8EDB5428C306A20009E725 /* TabBarViewController.swift */ = {isa = PBXFileReference; lastKnownFileType = sourcecode.swift; path = TabBarViewController.swift; sourceTree = "<group>"; };
		9C8EDB5628C306D70009E725 /* MediaViewController.swift */ = {isa = PBXFileReference; lastKnownFileType = sourcecode.swift; path = MediaViewController.swift; sourceTree = "<group>"; };
		9C8EDB5828C306F10009E725 /* ForYouViewController.swift */ = {isa = PBXFileReference; lastKnownFileType = sourcecode.swift; path = ForYouViewController.swift; sourceTree = "<group>"; };
		9C8EDB5A28C3072B0009E725 /* SearchViewController.swift */ = {isa = PBXFileReference; lastKnownFileType = sourcecode.swift; path = SearchViewController.swift; sourceTree = "<group>"; };
		9C8EDB5D28C30A1F0009E725 /* AlbumsDescription.swift */ = {isa = PBXFileReference; lastKnownFileType = sourcecode.swift; path = AlbumsDescription.swift; sourceTree = "<group>"; };
		9C8EDB5F28C30A3F0009E725 /* HeadersDescription.swift */ = {isa = PBXFileReference; lastKnownFileType = sourcecode.swift; path = HeadersDescription.swift; sourceTree = "<group>"; };
		9C8EDB6128C30B1C0009E725 /* FirstSectionCell.swift */ = {isa = PBXFileReference; lastKnownFileType = sourcecode.swift; path = FirstSectionCell.swift; sourceTree = "<group>"; };
		9C8EDB6328C310A00009E725 /* SecondSectionCell.swift */ = {isa = PBXFileReference; lastKnownFileType = sourcecode.swift; path = SecondSectionCell.swift; sourceTree = "<group>"; };
/* End PBXFileReference section */

/* Begin PBXFrameworksBuildPhase section */
		9C8EDB3028C303CD0009E725 /* Frameworks */ = {
			isa = PBXFrameworksBuildPhase;
			buildActionMask = 2147483647;
			files = (
				9C8EDB5328C305BA0009E725 /* SnapKit in Frameworks */,
			);
			runOnlyForDeploymentPostprocessing = 0;
		};
/* End PBXFrameworksBuildPhase section */

/* Begin PBXGroup section */
		9C8EDB2A28C303CD0009E725 = {
			isa = PBXGroup;
			children = (
				9C8EDB3528C303CD0009E725 /* photoLibrary */,
				9C8EDB3428C303CD0009E725 /* Products */,
			);
			sourceTree = "<group>";
		};
		9C8EDB3428C303CD0009E725 /* Products */ = {
			isa = PBXGroup;
			children = (
				9C8EDB3328C303CD0009E725 /* photoLibrary.app */,
			);
			name = Products;
			sourceTree = "<group>";
		};
		9C8EDB3528C303CD0009E725 /* photoLibrary */ = {
			isa = PBXGroup;
			children = (
				9C8EDB4B28C305110009E725 /* Sources */,
				9C8EDB4A28C305030009E725 /* Resources */,
			);
			path = photoLibrary;
			sourceTree = "<group>";
		};
		9C8EDB4A28C305030009E725 /* Resources */ = {
			isa = PBXGroup;
			children = (
				9C8EDB3F28C303CE0009E725 /* Assets.xcassets */,
				9C8EDB4C28C305180009E725 /* Configuration */,
			);
			path = Resources;
			sourceTree = "<group>";
		};
		9C8EDB4B28C305110009E725 /* Sources */ = {
			isa = PBXGroup;
			children = (
				9C8EDB5C28C30A120009E725 /* Model */,
				9C8EDB5028C3054B0009E725 /* Storyboards */,
				9C8EDB4F28C305310009E725 /* ViewControllers */,
				9C8EDB4E28C305290009E725 /* Cells */,
				9C8EDB4D28C3051F0009E725 /* App */,
			);
			path = Sources;
			sourceTree = "<group>";
		};
		9C8EDB4C28C305180009E725 /* Configuration */ = {
			isa = PBXGroup;
			children = (
				9C8EDB4428C303CE0009E725 /* Info.plist */,
			);
			path = Configuration;
			sourceTree = "<group>";
		};
		9C8EDB4D28C3051F0009E725 /* App */ = {
			isa = PBXGroup;
			children = (
				9C8EDB3628C303CD0009E725 /* AppDelegate.swift */,
				9C8EDB3828C303CD0009E725 /* SceneDelegate.swift */,
			);
			path = App;
			sourceTree = "<group>";
		};
		9C8EDB4E28C305290009E725 /* Cells */ = {
			isa = PBXGroup;
			children = (
				9C8EDB6128C30B1C0009E725 /* FirstSectionCell.swift */,
				9C8EDB6328C310A00009E725 /* SecondSectionCell.swift */,
			);
			path = Cells;
			sourceTree = "<group>";
		};
		9C8EDB4F28C305310009E725 /* ViewControllers */ = {
			isa = PBXGroup;
			children = (
				9C8EDB5428C306A20009E725 /* TabBarViewController.swift */,
				9C8EDB5628C306D70009E725 /* MediaViewController.swift */,
				9C8EDB5828C306F10009E725 /* ForYouViewController.swift */,
				9C8EDB3A28C303CD0009E725 /* AlbumsViewController.swift */,
				9C8EDB5A28C3072B0009E725 /* SearchViewController.swift */,
			);
			path = ViewControllers;
			sourceTree = "<group>";
		};
		9C8EDB5028C3054B0009E725 /* Storyboards */ = {
			isa = PBXGroup;
			children = (
				9C8EDB4128C303CE0009E725 /* LaunchScreen.storyboard */,
			);
			path = Storyboards;
			sourceTree = "<group>";
		};
		9C8EDB5C28C30A120009E725 /* Model */ = {
			isa = PBXGroup;
			children = (
				9C8EDB5D28C30A1F0009E725 /* AlbumsDescription.swift */,
				9C8EDB5F28C30A3F0009E725 /* HeadersDescription.swift */,
			);
			path = Model;
			sourceTree = "<group>";
		};
/* End PBXGroup section */

/* Begin PBXNativeTarget section */
		9C8EDB3228C303CD0009E725 /* photoLibrary */ = {
			isa = PBXNativeTarget;
			buildConfigurationList = 9C8EDB4728C303CE0009E725 /* Build configuration list for PBXNativeTarget "photoLibrary" */;
			buildPhases = (
				9C8EDB2F28C303CD0009E725 /* Sources */,
				9C8EDB3028C303CD0009E725 /* Frameworks */,
				9C8EDB3128C303CD0009E725 /* Resources */,
			);
			buildRules = (
			);
			dependencies = (
			);
			name = photoLibrary;
			packageProductDependencies = (
				9C8EDB5228C305BA0009E725 /* SnapKit */,
			);
			productName = photoLibrary;
			productReference = 9C8EDB3328C303CD0009E725 /* photoLibrary.app */;
			productType = "com.apple.product-type.application";
		};
/* End PBXNativeTarget section */

/* Begin PBXProject section */
		9C8EDB2B28C303CD0009E725 /* Project object */ = {
			isa = PBXProject;
			attributes = {
				BuildIndependentTargetsInParallel = 1;
				LastSwiftUpdateCheck = 1330;
				LastUpgradeCheck = 1330;
				TargetAttributes = {
					9C8EDB3228C303CD0009E725 = {
						CreatedOnToolsVersion = 13.3.1;
					};
				};
			};
			buildConfigurationList = 9C8EDB2E28C303CD0009E725 /* Build configuration list for PBXProject "photoLibrary" */;
			compatibilityVersion = "Xcode 13.0";
			developmentRegion = en;
			hasScannedForEncodings = 0;
			knownRegions = (
				en,
				Base,
			);
			mainGroup = 9C8EDB2A28C303CD0009E725;
			packageReferences = (
				9C8EDB5128C305BA0009E725 /* XCRemoteSwiftPackageReference "SnapKit" */,
			);
			productRefGroup = 9C8EDB3428C303CD0009E725 /* Products */;
			projectDirPath = "";
			projectRoot = "";
			targets = (
				9C8EDB3228C303CD0009E725 /* photoLibrary */,
			);
		};
/* End PBXProject section */

/* Begin PBXResourcesBuildPhase section */
		9C8EDB3128C303CD0009E725 /* Resources */ = {
			isa = PBXResourcesBuildPhase;
			buildActionMask = 2147483647;
			files = (
				9C8EDB4328C303CE0009E725 /* LaunchScreen.storyboard in Resources */,
				9C8EDB4028C303CE0009E725 /* Assets.xcassets in Resources */,
			);
			runOnlyForDeploymentPostprocessing = 0;
		};
/* End PBXResourcesBuildPhase section */

/* Begin PBXSourcesBuildPhase section */
		9C8EDB2F28C303CD0009E725 /* Sources */ = {
			isa = PBXSourcesBuildPhase;
			buildActionMask = 2147483647;
			files = (
				9C8EDB5528C306A20009E725 /* TabBarViewController.swift in Sources */,
				9C8EDB6028C30A3F0009E725 /* HeadersDescription.swift in Sources */,
				9C8EDB5B28C3072B0009E725 /* SearchViewController.swift in Sources */,
				9C8EDB5728C306D70009E725 /* MediaViewController.swift in Sources */,
				9C8EDB6228C30B1C0009E725 /* FirstSectionCell.swift in Sources */,
				9C8EDB5928C306F10009E725 /* ForYouViewController.swift in Sources */,
				9C8EDB3B28C303CD0009E725 /* AlbumsViewController.swift in Sources */,
				9C8EDB5E28C30A1F0009E725 /* AlbumsDescription.swift in Sources */,
				9C8EDB6428C310A00009E725 /* SecondSectionCell.swift in Sources */,
				9C8EDB3728C303CD0009E725 /* AppDelegate.swift in Sources */,
				9C8EDB3928C303CD0009E725 /* SceneDelegate.swift in Sources */,
			);
			runOnlyForDeploymentPostprocessing = 0;
		};
/* End PBXSourcesBuildPhase section */

/* Begin PBXVariantGroup section */
		9C8EDB4128C303CE0009E725 /* LaunchScreen.storyboard */ = {
			isa = PBXVariantGroup;
			children = (
				9C8EDB4228C303CE0009E725 /* Base */,
			);
			name = LaunchScreen.storyboard;
			sourceTree = "<group>";
		};
/* End PBXVariantGroup section */

/* Begin XCBuildConfiguration section */
		9C8EDB4528C303CE0009E725 /* Debug */ = {
			isa = XCBuildConfiguration;
			buildSettings = {
				ALWAYS_SEARCH_USER_PATHS = NO;
				CLANG_ANALYZER_NONNULL = YES;
				CLANG_ANALYZER_NUMBER_OBJECT_CONVERSION = YES_AGGRESSIVE;
				CLANG_CXX_LANGUAGE_STANDARD = "gnu++17";
				CLANG_ENABLE_MODULES = YES;
				CLANG_ENABLE_OBJC_ARC = YES;
				CLANG_ENABLE_OBJC_WEAK = YES;
				CLANG_WARN_BLOCK_CAPTURE_AUTORELEASING = YES;
				CLANG_WARN_BOOL_CONVERSION = YES;
				CLANG_WARN_COMMA = YES;
				CLANG_WARN_CONSTANT_CONVERSION = YES;
				CLANG_WARN_DEPRECATED_OBJC_IMPLEMENTATIONS = YES;
				CLANG_WARN_DIRECT_OBJC_ISA_USAGE = YES_ERROR;
				CLANG_WARN_DOCUMENTATION_COMMENTS = YES;
				CLANG_WARN_EMPTY_BODY = YES;
				CLANG_WARN_ENUM_CONVERSION = YES;
				CLANG_WARN_INFINITE_RECURSION = YES;
				CLANG_WARN_INT_CONVERSION = YES;
				CLANG_WARN_NON_LITERAL_NULL_CONVERSION = YES;
				CLANG_WARN_OBJC_IMPLICIT_RETAIN_SELF = YES;
				CLANG_WARN_OBJC_LITERAL_CONVERSION = YES;
				CLANG_WARN_OBJC_ROOT_CLASS = YES_ERROR;
				CLANG_WARN_QUOTED_INCLUDE_IN_FRAMEWORK_HEADER = YES;
				CLANG_WARN_RANGE_LOOP_ANALYSIS = YES;
				CLANG_WARN_STRICT_PROTOTYPES = YES;
				CLANG_WARN_SUSPICIOUS_MOVE = YES;
				CLANG_WARN_UNGUARDED_AVAILABILITY = YES_AGGRESSIVE;
				CLANG_WARN_UNREACHABLE_CODE = YES;
				CLANG_WARN__DUPLICATE_METHOD_MATCH = YES;
				COPY_PHASE_STRIP = NO;
				DEBUG_INFORMATION_FORMAT = dwarf;
				ENABLE_STRICT_OBJC_MSGSEND = YES;
				ENABLE_TESTABILITY = YES;
				GCC_C_LANGUAGE_STANDARD = gnu11;
				GCC_DYNAMIC_NO_PIC = NO;
				GCC_NO_COMMON_BLOCKS = YES;
				GCC_OPTIMIZATION_LEVEL = 0;
				GCC_PREPROCESSOR_DEFINITIONS = (
					"DEBUG=1",
					"$(inherited)",
				);
				GCC_WARN_64_TO_32_BIT_CONVERSION = YES;
				GCC_WARN_ABOUT_RETURN_TYPE = YES_ERROR;
				GCC_WARN_UNDECLARED_SELECTOR = YES;
				GCC_WARN_UNINITIALIZED_AUTOS = YES_AGGRESSIVE;
				GCC_WARN_UNUSED_FUNCTION = YES;
				GCC_WARN_UNUSED_VARIABLE = YES;
				IPHONEOS_DEPLOYMENT_TARGET = 15.4;
				MTL_ENABLE_DEBUG_INFO = INCLUDE_SOURCE;
				MTL_FAST_MATH = YES;
				ONLY_ACTIVE_ARCH = YES;
				SDKROOT = iphoneos;
				SWIFT_ACTIVE_COMPILATION_CONDITIONS = DEBUG;
				SWIFT_OPTIMIZATION_LEVEL = "-Onone";
			};
			name = Debug;
		};
		9C8EDB4628C303CE0009E725 /* Release */ = {
			isa = XCBuildConfiguration;
			buildSettings = {
				ALWAYS_SEARCH_USER_PATHS = NO;
				CLANG_ANALYZER_NONNULL = YES;
				CLANG_ANALYZER_NUMBER_OBJECT_CONVERSION = YES_AGGRESSIVE;
				CLANG_CXX_LANGUAGE_STANDARD = "gnu++17";
				CLANG_ENABLE_MODULES = YES;
				CLANG_ENABLE_OBJC_ARC = YES;
				CLANG_ENABLE_OBJC_WEAK = YES;
				CLANG_WARN_BLOCK_CAPTURE_AUTORELEASING = YES;
				CLANG_WARN_BOOL_CONVERSION = YES;
				CLANG_WARN_COMMA = YES;
				CLANG_WARN_CONSTANT_CONVERSION = YES;
				CLANG_WARN_DEPRECATED_OBJC_IMPLEMENTATIONS = YES;
				CLANG_WARN_DIRECT_OBJC_ISA_USAGE = YES_ERROR;
				CLANG_WARN_DOCUMENTATION_COMMENTS = YES;
				CLANG_WARN_EMPTY_BODY = YES;
				CLANG_WARN_ENUM_CONVERSION = YES;
				CLANG_WARN_INFINITE_RECURSION = YES;
				CLANG_WARN_INT_CONVERSION = YES;
				CLANG_WARN_NON_LITERAL_NULL_CONVERSION = YES;
				CLANG_WARN_OBJC_IMPLICIT_RETAIN_SELF = YES;
				CLANG_WARN_OBJC_LITERAL_CONVERSION = YES;
				CLANG_WARN_OBJC_ROOT_CLASS = YES_ERROR;
				CLANG_WARN_QUOTED_INCLUDE_IN_FRAMEWORK_HEADER = YES;
				CLANG_WARN_RANGE_LOOP_ANALYSIS = YES;
				CLANG_WARN_STRICT_PROTOTYPES = YES;
				CLANG_WARN_SUSPICIOUS_MOVE = YES;
				CLANG_WARN_UNGUARDED_AVAILABILITY = YES_AGGRESSIVE;
				CLANG_WARN_UNREACHABLE_CODE = YES;
				CLANG_WARN__DUPLICATE_METHOD_MATCH = YES;
				COPY_PHASE_STRIP = NO;
				DEBUG_INFORMATION_FORMAT = "dwarf-with-dsym";
				ENABLE_NS_ASSERTIONS = NO;
				ENABLE_STRICT_OBJC_MSGSEND = YES;
				GCC_C_LANGUAGE_STANDARD = gnu11;
				GCC_NO_COMMON_BLOCKS = YES;
				GCC_WARN_64_TO_32_BIT_CONVERSION = YES;
				GCC_WARN_ABOUT_RETURN_TYPE = YES_ERROR;
				GCC_WARN_UNDECLARED_SELECTOR = YES;
				GCC_WARN_UNINITIALIZED_AUTOS = YES_AGGRESSIVE;
				GCC_WARN_UNUSED_FUNCTION = YES;
				GCC_WARN_UNUSED_VARIABLE = YES;
				IPHONEOS_DEPLOYMENT_TARGET = 15.4;
				MTL_ENABLE_DEBUG_INFO = NO;
				MTL_FAST_MATH = YES;
				SDKROOT = iphoneos;
				SWIFT_COMPILATION_MODE = wholemodule;
				SWIFT_OPTIMIZATION_LEVEL = "-O";
				VALIDATE_PRODUCT = YES;
			};
			name = Release;
		};
		9C8EDB4828C303CE0009E725 /* Debug */ = {
			isa = XCBuildConfiguration;
			buildSettings = {
				ASSETCATALOG_COMPILER_APPICON_NAME = AppIcon;
				ASSETCATALOG_COMPILER_GLOBAL_ACCENT_COLOR_NAME = AccentColor;
				CODE_SIGN_STYLE = Automatic;
				CURRENT_PROJECT_VERSION = 1;
				DEVELOPMENT_TEAM = SWG4FB8T87;
				GENERATE_INFOPLIST_FILE = YES;
				INFOPLIST_FILE = photoLibrary/Resources/Configuration/Info.plist;
				INFOPLIST_KEY_UIApplicationSupportsIndirectInputEvents = YES;
				INFOPLIST_KEY_UILaunchStoryboardName = LaunchScreen;
				INFOPLIST_KEY_UISupportedInterfaceOrientations_iPad = "UIInterfaceOrientationPortrait UIInterfaceOrientationPortraitUpsideDown UIInterfaceOrientationLandscapeLeft UIInterfaceOrientationLandscapeRight";
				INFOPLIST_KEY_UISupportedInterfaceOrientations_iPhone = "UIInterfaceOrientationPortrait UIInterfaceOrientationLandscapeLeft UIInterfaceOrientationLandscapeRight";
				LD_RUNPATH_SEARCH_PATHS = (
					"$(inherited)",
					"@executable_path/Frameworks",
				);
				MARKETING_VERSION = 1.0;
				PRODUCT_BUNDLE_IDENTIFIER = "Artem-Golikov.photoLibrary";
				PRODUCT_NAME = "$(TARGET_NAME)";
				SWIFT_EMIT_LOC_STRINGS = YES;
				SWIFT_VERSION = 5.0;
				TARGETED_DEVICE_FAMILY = "1,2";
			};
			name = Debug;
		};
		9C8EDB4928C303CE0009E725 /* Release */ = {
			isa = XCBuildConfiguration;
			buildSettings = {
				ASSETCATALOG_COMPILER_APPICON_NAME = AppIcon;
				ASSETCATALOG_COMPILER_GLOBAL_ACCENT_COLOR_NAME = AccentColor;
				CODE_SIGN_STYLE = Automatic;
				CURRENT_PROJECT_VERSION = 1;
				DEVELOPMENT_TEAM = SWG4FB8T87;
				GENERATE_INFOPLIST_FILE = YES;
				INFOPLIST_FILE = photoLibrary/Resources/Configuration/Info.plist;
				INFOPLIST_KEY_UIApplicationSupportsIndirectInputEvents = YES;
				INFOPLIST_KEY_UILaunchStoryboardName = LaunchScreen;
				INFOPLIST_KEY_UISupportedInterfaceOrientations_iPad = "UIInterfaceOrientationPortrait UIInterfaceOrientationPortraitUpsideDown UIInterfaceOrientationLandscapeLeft UIInterfaceOrientationLandscapeRight";
				INFOPLIST_KEY_UISupportedInterfaceOrientations_iPhone = "UIInterfaceOrientationPortrait UIInterfaceOrientationLandscapeLeft UIInterfaceOrientationLandscapeRight";
				LD_RUNPATH_SEARCH_PATHS = (
					"$(inherited)",
					"@executable_path/Frameworks",
				);
				MARKETING_VERSION = 1.0;
				PRODUCT_BUNDLE_IDENTIFIER = "Artem-Golikov.photoLibrary";
				PRODUCT_NAME = "$(TARGET_NAME)";
				SWIFT_EMIT_LOC_STRINGS = YES;
				SWIFT_VERSION = 5.0;
				TARGETED_DEVICE_FAMILY = "1,2";
			};
			name = Release;
		};
/* End XCBuildConfiguration section */

/* Begin XCConfigurationList section */
		9C8EDB2E28C303CD0009E725 /* Build configuration list for PBXProject "photoLibrary" */ = {
			isa = XCConfigurationList;
			buildConfigurations = (
				9C8EDB4528C303CE0009E725 /* Debug */,
				9C8EDB4628C303CE0009E725 /* Release */,
			);
			defaultConfigurationIsVisible = 0;
			defaultConfigurationName = Release;
		};
		9C8EDB4728C303CE0009E725 /* Build configuration list for PBXNativeTarget "photoLibrary" */ = {
			isa = XCConfigurationList;
			buildConfigurations = (
				9C8EDB4828C303CE0009E725 /* Debug */,
				9C8EDB4928C303CE0009E725 /* Release */,
			);
			defaultConfigurationIsVisible = 0;
			defaultConfigurationName = Release;
		};
/* End XCConfigurationList section */

/* Begin XCRemoteSwiftPackageReference section */
		9C8EDB5128C305BA0009E725 /* XCRemoteSwiftPackageReference "SnapKit" */ = {
			isa = XCRemoteSwiftPackageReference;
			repositoryURL = "https://github.com/SnapKit/SnapKit.git";
			requirement = {
				branch = develop;
				kind = branch;
			};
		};
/* End XCRemoteSwiftPackageReference section */

/* Begin XCSwiftPackageProductDependency section */
		9C8EDB5228C305BA0009E725 /* SnapKit */ = {
			isa = XCSwiftPackageProductDependency;
			package = 9C8EDB5128C305BA0009E725 /* XCRemoteSwiftPackageReference "SnapKit" */;
			productName = SnapKit;
		};
/* End XCSwiftPackageProductDependency section */
	};
	rootObject = 9C8EDB2B28C303CD0009E725 /* Project object */;
}
